<?xml version="1.0" encoding="utf-8"?>
<Project ToolsVersion="4.0" xmlns="http://schemas.microsoft.com/developer/msbuild/2003">
  <ItemGroup>
    <Filter Include="Source Files">
      <UniqueIdentifier>{4FC737F1-C7A5-4376-A066-2A32D752A2FF}</UniqueIdentifier>
      <Extensions>cpp;c;cc;cxx;def;odl;idl;hpj;bat;asm;asmx</Extensions>
    </Filter>
    <Filter Include="Header Files">
      <UniqueIdentifier>{93995380-89BD-4b04-88EB-625FBE52EBFB}</UniqueIdentifier>
      <Extensions>h;hpp;hxx;hm;inl;inc;xsd</Extensions>
    </Filter>
    <Filter Include="Resource Files">
      <UniqueIdentifier>{67DA6AB6-F800-4c08-8B7A-83BB121AAD01}</UniqueIdentifier>
      <Extensions>rc;ico;cur;bmp;dlg;rc2;rct;bin;rgs;gif;jpg;jpeg;jpe;resx;tiff;tif;png;wav;mfcribbon-ms</Extensions>
    </Filter>
    <Filter Include="easyPRH">
      <UniqueIdentifier>{7ce0da58-97dc-4568-9e80-3b6c05cfd681}</UniqueIdentifier>
    </Filter>
    <Filter Include="easyPRCPP">
      <UniqueIdentifier>{13071200-2de5-4697-bad4-95b73905500e}</UniqueIdentifier>
    </Filter>
  </ItemGroup>
  <ItemGroup>
    <None Include="ReadMe.txt" />
    <None Include="res\myPR.rc2">
      <Filter>Resource Files</Filter>
    </None>
    <None Include="res\myPR.ico">
      <Filter>Resource Files</Filter>
    </None>
  </ItemGroup>
  <ItemGroup>
    <ClInclude Include="myPR.h">
      <Filter>Header Files</Filter>
    </ClInclude>
    <ClInclude Include="myPRDlg.h">
      <Filter>Header Files</Filter>
    </ClInclude>
    <ClInclude Include="stdafx.h">
      <Filter>Header Files</Filter>
    </ClInclude>
    <ClInclude Include="targetver.h">
      <Filter>Header Files</Filter>
    </ClInclude>
    <ClInclude Include="Resource.h">
      <Filter>Header Files</Filter>
    </ClInclude>
    <ClInclude Include="src\include\chars_segment.h">
      <Filter>easyPRH</Filter>
    </ClInclude>
    <ClInclude Include="src\include\CParser.h">
      <Filter>easyPRH</Filter>
    </ClInclude>
    <ClInclude Include="src\include\features.h">
      <Filter>easyPRH</Filter>
    </ClInclude>
    <ClInclude Include="src\include\plate.h">
      <Filter>easyPRH</Filter>
    </ClInclude>
    <ClInclude Include="src\include\plate_detect.h">
      <Filter>easyPRH</Filter>
    </ClInclude>
    <ClInclude Include="src\include\plate_judge.h">
      <Filter>easyPRH</Filter>
    </ClInclude>
    <ClInclude Include="src\include\plate_locate.h">
      <Filter>easyPRH</Filter>
    </ClInclude>
    <ClInclude Include="src\include\prep.h">
      <Filter>easyPRH</Filter>
    </ClInclude>
    <ClInclude Include="src\include\util.h">
      <Filter>easyPRH</Filter>
    </ClInclude>
  </ItemGroup>
  <ItemGroup>
    <ClCompile Include="myPR.cpp">
      <Filter>Source Files</Filter>
    </ClCompile>
    <ClCompile Include="myPRDlg.cpp">
      <Filter>Source Files</Filter>
    </ClCompile>
    <ClCompile Include="stdafx.cpp">
      <Filter>Source Files</Filter>
    </ClCompile>
    <ClCompile Include="src\core\chars_segment.cpp">
      <Filter>easyPRCPP</Filter>
    </ClCompile>
    <ClCompile Include="src\core\features.cpp">
      <Filter>easyPRCPP</Filter>
    </ClCompile>
    <ClCompile Include="src\core\plate.cpp">
      <Filter>easyPRCPP</Filter>
    </ClCompile>
    <ClCompile Include="src\core\plate_detect.cpp">
      <Filter>easyPRCPP</Filter>
    </ClCompile>
    <ClCompile Include="src\core\plate_judge.cpp">
      <Filter>easyPRCPP</Filter>
    </ClCompile>
    <ClCompile Include="src\core\plate_locate.cpp">
      <Filter>easyPRCPP</Filter>
    </ClCompile>
    <ClCompile Include="src\util\util.cpp">
      <Filter>easyPRCPP</Filter>
    </ClCompile>
  </ItemGroup>
  <ItemGroup>
    <ResourceCompile Include="myPR.rc">
      <Filter>Resource Files</Filter>
    </ResourceCompile>
  </ItemGroup>
</Project>